{
  "object": {
    "pins": [
      {
        "package": "Signals",
        "repositoryURL": "https://github.com/bejitono/Signals",
        "state": {
          "branch": "master",
          "revision": "54608a19ad0c69ff51c4a94c1c8474f61fe3ddd2",
          "version": null
        }
      }
    ]
  },
  "version": 1
}
