{
  "object": {
    "pins": [
      {
        "package": "Signals",
        "repositoryURL": "git@github.com:bejitono/Signals.git",
        "state": {
          "branch": "master",
          "revision": "8daed9c7199ad8f076a70d512f3137c7d7625ae4",
          "version": null
        }
      }
    ]
  },
  "version": 1
}
